
Microsoft Visual Studio Solution File, Format Version 12.00
# Visual Studio Version 17
VisualStudioVersion = 17.4.33213.308
MinimumVisualStudioVersion = 10.0.40219.1
Project("{FAE04EC0-301F-11D3-BF4B-00C04F79EFBC}") = "ContosoUniversity", "ContosoUniversity.csproj", "{33140E16-67AF-42C0-B126-D13B1925C964}"
EndProject
Global
	GlobalSection(SolutionConfigurationPlatforms) = preSolution
		Debug|Any CPU = Debug|Any CPU
		Release|Any CPU = Release|Any CPU
	EndGlobalSection
	GlobalSection(ProjectConfigurationPlatforms) = postSolution
		{33140E16-67AF-42C0-B126-D13B1925C964}.Debug|Any CPU.ActiveCfg = Debug|Any CPU
		{33140E16-67AF-42C0-B126-D13B1925C964}.Debug|Any CPU.Build.0 = Debug|Any CPU
		{33140E16-67AF-42C0-B126-D13B1925C964}.Release|Any CPU.ActiveCfg = Release|Any CPU
		{33140E16-67AF-42C0-B126-D13B1925C964}.Release|Any CPU.Build.0 = Release|Any CPU
	EndGlobalSection
	GlobalSection(SolutionProperties) = preSolution
		HideSolutionNode = FALSE
	EndGlobalSection
	GlobalSection(ExtensibilityGlobals) = postSolution
		SolutionGuid = {D1293AA9-606B-431E-9437-C9FA2D5549C4}
	EndGlobalSection
EndGlobal
